
Microsoft Visual Studio Solution File, Format Version 12.00
# Visual Studio Version 17
VisualStudioVersion = 17.10.35122.118
MinimumVisualStudioVersion = 10.0.40219.1
Project("{9A19103F-16F7-4668-BE54-9A1E7A4F7556}") = "ComplainsServer", "ComplainsServer\ComplainsServer.csproj", "{446068FF-5CE7-447B-97BE-A5156C15797D}"
EndProject
Project("{9A19103F-16F7-4668-BE54-9A1E7A4F7556}") = "Base", "Base\Base.csproj", "{DEC97DA4-1A7C-4130-84D5-391EEF156269}"
EndProject
Global
	GlobalSection(SolutionConfigurationPlatforms) = preSolution
		Debug|Any CPU = Debug|Any CPU
		Release|Any CPU = Release|Any CPU
	EndGlobalSection
	GlobalSection(ProjectConfigurationPlatforms) = postSolution
		{446068FF-5CE7-447B-97BE-A5156C15797D}.Debug|Any CPU.ActiveCfg = Debug|Any CPU
		{446068FF-5CE7-447B-97BE-A5156C15797D}.Debug|Any CPU.Build.0 = Debug|Any CPU
		{446068FF-5CE7-447B-97BE-A5156C15797D}.Release|Any CPU.ActiveCfg = Release|Any CPU
		{446068FF-5CE7-447B-97BE-A5156C15797D}.Release|Any CPU.Build.0 = Release|Any CPU
		{DEC97DA4-1A7C-4130-84D5-391EEF156269}.Debug|Any CPU.ActiveCfg = Debug|Any CPU
		{DEC97DA4-1A7C-4130-84D5-391EEF156269}.Debug|Any CPU.Build.0 = Debug|Any CPU
		{DEC97DA4-1A7C-4130-84D5-391EEF156269}.Release|Any CPU.ActiveCfg = Release|Any CPU
		{DEC97DA4-1A7C-4130-84D5-391EEF156269}.Release|Any CPU.Build.0 = Release|Any CPU
	EndGlobalSection
	GlobalSection(SolutionProperties) = preSolution
		HideSolutionNode = FALSE
	EndGlobalSection
	GlobalSection(ExtensibilityGlobals) = postSolution
		SolutionGuid = {92C3B7E7-0534-4387-8179-A9B3F54F08AD}
	EndGlobalSection
EndGlobal
